
Microsoft Visual Studio Solution File, Format Version 12.00
# Visual Studio Version 17
VisualStudioVersion = 17.4.33110.190
MinimumVisualStudioVersion = 10.0.40219.1
Project("{FAE04EC0-301F-11D3-BF4B-00C04F79EFBC}") = "ProiectMIPFinal", "ProiectMIPFinal.csproj", "{9AF2A692-47CA-4CB8-A9B8-AD93A7D88C1B}"
EndProject
Global
	GlobalSection(SolutionConfigurationPlatforms) = preSolution
		Debug|Any CPU = Debug|Any CPU
		Release|Any CPU = Release|Any CPU
	EndGlobalSection
	GlobalSection(ProjectConfigurationPlatforms) = postSolution
		{9AF2A692-47CA-4CB8-A9B8-AD93A7D88C1B}.Debug|Any CPU.ActiveCfg = Debug|Any CPU
		{9AF2A692-47CA-4CB8-A9B8-AD93A7D88C1B}.Debug|Any CPU.Build.0 = Debug|Any CPU
		{9AF2A692-47CA-4CB8-A9B8-AD93A7D88C1B}.Release|Any CPU.ActiveCfg = Release|Any CPU
		{9AF2A692-47CA-4CB8-A9B8-AD93A7D88C1B}.Release|Any CPU.Build.0 = Release|Any CPU
	EndGlobalSection
	GlobalSection(SolutionProperties) = preSolution
		HideSolutionNode = FALSE
	EndGlobalSection
	GlobalSection(ExtensibilityGlobals) = postSolution
		SolutionGuid = {3698541F-E422-484E-AA1C-9D3B324A81AE}
	EndGlobalSection
EndGlobal
